
Microsoft Visual Studio Solution File, Format Version 12.00
# Visual Studio Version 17
VisualStudioVersion = 17.8.34322.80
MinimumVisualStudioVersion = 10.0.40219.1
Project("{F184B08F-C81C-45F6-A57F-5ABD9991F28F}") = "djida_brahim_cc_prog_even_22T981-GLO", "djida_brahim_cc_prog_even_22T981-GLO\djida_brahim_cc_prog_even_22T981-GLO.vbproj", "{E567547A-98C1-4D6C-AF9E-81C40860FE42}"
EndProject
Global
	GlobalSection(SolutionConfigurationPlatforms) = preSolution
		Debug|Any CPU = Debug|Any CPU
		Release|Any CPU = Release|Any CPU
	EndGlobalSection
	GlobalSection(ProjectConfigurationPlatforms) = postSolution
		{E567547A-98C1-4D6C-AF9E-81C40860FE42}.Debug|Any CPU.ActiveCfg = Debug|Any CPU
		{E567547A-98C1-4D6C-AF9E-81C40860FE42}.Debug|Any CPU.Build.0 = Debug|Any CPU
		{E567547A-98C1-4D6C-AF9E-81C40860FE42}.Release|Any CPU.ActiveCfg = Release|Any CPU
		{E567547A-98C1-4D6C-AF9E-81C40860FE42}.Release|Any CPU.Build.0 = Release|Any CPU
	EndGlobalSection
	GlobalSection(SolutionProperties) = preSolution
		HideSolutionNode = FALSE
	EndGlobalSection
	GlobalSection(ExtensibilityGlobals) = postSolution
		SolutionGuid = {4A8DDAB3-5AEF-4915-8F7F-F73FC79F9109}
	EndGlobalSection
EndGlobal
